
Microsoft Visual Studio Solution File, Format Version 12.00
# Visual Studio 15
VisualStudioVersion = 15.0.28307.1525
MinimumVisualStudioVersion = 10.0.40219.1
Project("{8BC9CEB8-8B4A-11D0-8D11-00A0C91BC942}") = "BomberMan", "BomberMan\BomberMan.vcxproj", "{C0C3F239-074D-4C5D-97CC-37FE71339539}"
EndProject
Global
	GlobalSection(SolutionConfigurationPlatforms) = preSolution
		Debug|x64 = Debug|x64
		Debug|x86 = Debug|x86
		Release|x64 = Release|x64
		Release|x86 = Release|x86
	EndGlobalSection
	GlobalSection(ProjectConfigurationPlatforms) = postSolution
		{C0C3F239-074D-4C5D-97CC-37FE71339539}.Debug|x64.ActiveCfg = Debug|x64
		{C0C3F239-074D-4C5D-97CC-37FE71339539}.Debug|x64.Build.0 = Debug|x64
		{C0C3F239-074D-4C5D-97CC-37FE71339539}.Debug|x86.ActiveCfg = Debug|Win32
		{C0C3F239-074D-4C5D-97CC-37FE71339539}.Debug|x86.Build.0 = Debug|Win32
		{C0C3F239-074D-4C5D-97CC-37FE71339539}.Release|x64.ActiveCfg = Release|x64
		{C0C3F239-074D-4C5D-97CC-37FE71339539}.Release|x64.Build.0 = Release|x64
		{C0C3F239-074D-4C5D-97CC-37FE71339539}.Release|x86.ActiveCfg = Release|Win32
		{C0C3F239-074D-4C5D-97CC-37FE71339539}.Release|x86.Build.0 = Release|Win32
	EndGlobalSection
	GlobalSection(SolutionProperties) = preSolution
		HideSolutionNode = FALSE
	EndGlobalSection
	GlobalSection(ExtensibilityGlobals) = postSolution
		SolutionGuid = {AB1AFA2B-3EC2-4B8B-985D-9DF2B30BFDDD}
	EndGlobalSection
EndGlobal
